
Microsoft Visual Studio Solution File, Format Version 12.00
# Visual Studio 15
VisualStudioVersion = 15.0.28010.2048
MinimumVisualStudioVersion = 10.0.40219.1
Project("{9A19103F-16F7-4668-BE54-9A1E7A4F7556}") = "ABPWebDemo", "ABPWebDemo\ABPWebDemo.csproj", "{5563D389-B37C-491F-98E2-A0470716B217}"
EndProject
Global
	GlobalSection(SolutionConfigurationPlatforms) = preSolution
		Debug|Any CPU = Debug|Any CPU
		Release|Any CPU = Release|Any CPU
	EndGlobalSection
	GlobalSection(ProjectConfigurationPlatforms) = postSolution
		{5563D389-B37C-491F-98E2-A0470716B217}.Debug|Any CPU.ActiveCfg = Debug|Any CPU
		{5563D389-B37C-491F-98E2-A0470716B217}.Debug|Any CPU.Build.0 = Debug|Any CPU
		{5563D389-B37C-491F-98E2-A0470716B217}.Release|Any CPU.ActiveCfg = Release|Any CPU
		{5563D389-B37C-491F-98E2-A0470716B217}.Release|Any CPU.Build.0 = Release|Any CPU
	EndGlobalSection
	GlobalSection(SolutionProperties) = preSolution
		HideSolutionNode = FALSE
	EndGlobalSection
	GlobalSection(ExtensibilityGlobals) = postSolution
		SolutionGuid = {75E88E62-B71A-418B-94B3-E3DE53C3930F}
	EndGlobalSection
EndGlobal
