
Microsoft Visual Studio Solution File, Format Version 12.00
# Visual Studio 15
VisualStudioVersion = 15.0.28010.2048
MinimumVisualStudioVersion = 10.0.40219.1
Project("{9A19103F-16F7-4668-BE54-9A1E7A4F7556}") = "Echo.Client", "Echo.Client\Echo.Client\Echo.Client.csproj", "{5DCA9194-7338-4D7F-AA93-1EAA417C8BDA}"
EndProject
Project("{9A19103F-16F7-4668-BE54-9A1E7A4F7556}") = "Echo.Server", "Echo.Server\Echo.Server\Echo.Server.csproj", "{40676328-1B66-4EA8-AD52-66324A7C4576}"
EndProject
Project("{9A19103F-16F7-4668-BE54-9A1E7A4F7556}") = "Examples.Common", "Examples.Common\Examples.Common\Examples.Common.csproj", "{EDA63646-AD16-489C-AA42-62B9C7852E04}"
EndProject
Project("{FAE04EC0-301F-11D3-BF4B-00C04F79EFBC}") = "Discard.Server", "Discard.Server\Discard.Server.csproj", "{12F65469-B7B6-4883-B94C-E2521B5F4CBE}"
EndProject
Project("{FAE04EC0-301F-11D3-BF4B-00C04F79EFBC}") = "Discard.Client", "Discard.Client\Discard.Client.csproj", "{D656D34B-A888-4508-AA2F-5EF0E9B99D31}"
EndProject
Project("{FAE04EC0-301F-11D3-BF4B-00C04F79EFBC}") = "WebSockets.Client", "WebSockets.Client\WebSockets.Client.csproj", "{DD736971-D15C-45DF-ACF1-B4170FBDF221}"
EndProject
Project("{FAE04EC0-301F-11D3-BF4B-00C04F79EFBC}") = "WebSockets.Server", "WebSockets.Server\WebSockets.Server.csproj", "{B730F858-A0E8-47DC-9952-4CAB8D8023E8}"
EndProject
Global
	GlobalSection(SolutionConfigurationPlatforms) = preSolution
		Debug|Any CPU = Debug|Any CPU
		Release|Any CPU = Release|Any CPU
	EndGlobalSection
	GlobalSection(ProjectConfigurationPlatforms) = postSolution
		{5DCA9194-7338-4D7F-AA93-1EAA417C8BDA}.Debug|Any CPU.ActiveCfg = Debug|Any CPU
		{5DCA9194-7338-4D7F-AA93-1EAA417C8BDA}.Debug|Any CPU.Build.0 = Debug|Any CPU
		{5DCA9194-7338-4D7F-AA93-1EAA417C8BDA}.Release|Any CPU.ActiveCfg = Release|Any CPU
		{5DCA9194-7338-4D7F-AA93-1EAA417C8BDA}.Release|Any CPU.Build.0 = Release|Any CPU
		{40676328-1B66-4EA8-AD52-66324A7C4576}.Debug|Any CPU.ActiveCfg = Debug|Any CPU
		{40676328-1B66-4EA8-AD52-66324A7C4576}.Debug|Any CPU.Build.0 = Debug|Any CPU
		{40676328-1B66-4EA8-AD52-66324A7C4576}.Release|Any CPU.ActiveCfg = Release|Any CPU
		{40676328-1B66-4EA8-AD52-66324A7C4576}.Release|Any CPU.Build.0 = Release|Any CPU
		{EDA63646-AD16-489C-AA42-62B9C7852E04}.Debug|Any CPU.ActiveCfg = Debug|Any CPU
		{EDA63646-AD16-489C-AA42-62B9C7852E04}.Debug|Any CPU.Build.0 = Debug|Any CPU
		{EDA63646-AD16-489C-AA42-62B9C7852E04}.Release|Any CPU.ActiveCfg = Release|Any CPU
		{EDA63646-AD16-489C-AA42-62B9C7852E04}.Release|Any CPU.Build.0 = Release|Any CPU
		{12F65469-B7B6-4883-B94C-E2521B5F4CBE}.Debug|Any CPU.ActiveCfg = Debug|Any CPU
		{12F65469-B7B6-4883-B94C-E2521B5F4CBE}.Debug|Any CPU.Build.0 = Debug|Any CPU
		{12F65469-B7B6-4883-B94C-E2521B5F4CBE}.Release|Any CPU.ActiveCfg = Release|Any CPU
		{12F65469-B7B6-4883-B94C-E2521B5F4CBE}.Release|Any CPU.Build.0 = Release|Any CPU
		{D656D34B-A888-4508-AA2F-5EF0E9B99D31}.Debug|Any CPU.ActiveCfg = Debug|Any CPU
		{D656D34B-A888-4508-AA2F-5EF0E9B99D31}.Debug|Any CPU.Build.0 = Debug|Any CPU
		{D656D34B-A888-4508-AA2F-5EF0E9B99D31}.Release|Any CPU.ActiveCfg = Release|Any CPU
		{D656D34B-A888-4508-AA2F-5EF0E9B99D31}.Release|Any CPU.Build.0 = Release|Any CPU
		{DD736971-D15C-45DF-ACF1-B4170FBDF221}.Debug|Any CPU.ActiveCfg = Debug|Any CPU
		{DD736971-D15C-45DF-ACF1-B4170FBDF221}.Debug|Any CPU.Build.0 = Debug|Any CPU
		{DD736971-D15C-45DF-ACF1-B4170FBDF221}.Release|Any CPU.ActiveCfg = Release|Any CPU
		{DD736971-D15C-45DF-ACF1-B4170FBDF221}.Release|Any CPU.Build.0 = Release|Any CPU
		{B730F858-A0E8-47DC-9952-4CAB8D8023E8}.Debug|Any CPU.ActiveCfg = Debug|Any CPU
		{B730F858-A0E8-47DC-9952-4CAB8D8023E8}.Debug|Any CPU.Build.0 = Debug|Any CPU
		{B730F858-A0E8-47DC-9952-4CAB8D8023E8}.Release|Any CPU.ActiveCfg = Release|Any CPU
		{B730F858-A0E8-47DC-9952-4CAB8D8023E8}.Release|Any CPU.Build.0 = Release|Any CPU
	EndGlobalSection
	GlobalSection(SolutionProperties) = preSolution
		HideSolutionNode = FALSE
	EndGlobalSection
	GlobalSection(ExtensibilityGlobals) = postSolution
		SolutionGuid = {3B5F4EA4-D082-4A60-92DE-487E2C71B53F}
	EndGlobalSection
EndGlobal
