
Microsoft Visual Studio Solution File, Format Version 12.00
# Visual Studio 15
VisualStudioVersion = 15.0.28010.2048
MinimumVisualStudioVersion = 10.0.40219.1
Project("{9A19103F-16F7-4668-BE54-9A1E7A4F7556}") = "SkyCore.OcelotGetway", "SkyCore.OcelotGetway\SkyCore.OcelotGetway.csproj", "{180C9231-B6F3-4ED8-8CE7-3F6B69A81E1E}"
EndProject
Project("{9A19103F-16F7-4668-BE54-9A1E7A4F7556}") = "SkyCore.AhphOcelot", "SkyCore.AhphOcelot\SkyCore.AhphOcelot.csproj", "{1015F274-CC39-41DD-8B23-00C57812D895}"
EndProject
Project("{2150E333-8FDC-42A3-9474-1A3956D46DE8}") = "Solution Items", "Solution Items", "{E120A0EA-B693-444E-9FE9-8034FB85DE0F}"
	ProjectSection(SolutionItems) = preProject
		readme.md = readme.md
	EndProjectSection
EndProject
Project("{FAE04EC0-301F-11D3-BF4B-00C04F79EFBC}") = "SkyCore.IdServerApi", "SkyCore.IdServerApi\SkyCore.IdServerApi.csproj", "{9C410021-E9B2-4C1A-8FA8-CB688002B1DE}"
EndProject
Project("{FAE04EC0-301F-11D3-BF4B-00C04F79EFBC}") = "WebAppA", "WebAppA\WebAppA.csproj", "{91BE64AF-FE2D-4BE4-875E-AFB44528E954}"
EndProject
Global
	GlobalSection(SolutionConfigurationPlatforms) = preSolution
		Debug|Any CPU = Debug|Any CPU
		Release|Any CPU = Release|Any CPU
	EndGlobalSection
	GlobalSection(ProjectConfigurationPlatforms) = postSolution
		{180C9231-B6F3-4ED8-8CE7-3F6B69A81E1E}.Debug|Any CPU.ActiveCfg = Debug|Any CPU
		{180C9231-B6F3-4ED8-8CE7-3F6B69A81E1E}.Debug|Any CPU.Build.0 = Debug|Any CPU
		{180C9231-B6F3-4ED8-8CE7-3F6B69A81E1E}.Release|Any CPU.ActiveCfg = Release|Any CPU
		{180C9231-B6F3-4ED8-8CE7-3F6B69A81E1E}.Release|Any CPU.Build.0 = Release|Any CPU
		{1015F274-CC39-41DD-8B23-00C57812D895}.Debug|Any CPU.ActiveCfg = Debug|Any CPU
		{1015F274-CC39-41DD-8B23-00C57812D895}.Debug|Any CPU.Build.0 = Debug|Any CPU
		{1015F274-CC39-41DD-8B23-00C57812D895}.Release|Any CPU.ActiveCfg = Release|Any CPU
		{1015F274-CC39-41DD-8B23-00C57812D895}.Release|Any CPU.Build.0 = Release|Any CPU
		{9C410021-E9B2-4C1A-8FA8-CB688002B1DE}.Debug|Any CPU.ActiveCfg = Debug|Any CPU
		{9C410021-E9B2-4C1A-8FA8-CB688002B1DE}.Debug|Any CPU.Build.0 = Debug|Any CPU
		{9C410021-E9B2-4C1A-8FA8-CB688002B1DE}.Release|Any CPU.ActiveCfg = Release|Any CPU
		{9C410021-E9B2-4C1A-8FA8-CB688002B1DE}.Release|Any CPU.Build.0 = Release|Any CPU
		{91BE64AF-FE2D-4BE4-875E-AFB44528E954}.Debug|Any CPU.ActiveCfg = Debug|Any CPU
		{91BE64AF-FE2D-4BE4-875E-AFB44528E954}.Debug|Any CPU.Build.0 = Debug|Any CPU
		{91BE64AF-FE2D-4BE4-875E-AFB44528E954}.Release|Any CPU.ActiveCfg = Release|Any CPU
		{91BE64AF-FE2D-4BE4-875E-AFB44528E954}.Release|Any CPU.Build.0 = Release|Any CPU
	EndGlobalSection
	GlobalSection(SolutionProperties) = preSolution
		HideSolutionNode = FALSE
	EndGlobalSection
	GlobalSection(ExtensibilityGlobals) = postSolution
		SolutionGuid = {0BA9AC5D-FFCB-4EC6-A724-F8A8D110C016}
	EndGlobalSection
EndGlobal
